{
  "version": 4,
  "terraform_version": "0.14.3",
  "serial": 1,
  "lineage": "bd976b22-7136-72b7-7db2-93d1ad4d2a6d",
  "outputs": {},
  "resources": [
    {
      "mode": "managed",
      "type": "aws_vpc",
      "name": "aws",
      "provider": "provider[\"registry.terraform.io/hashicorp/aws\"]",
      "instances": [
        {
          "schema_version": 1,
          "attributes": {
            "arn": "arn:aws:ec2:us-east-1:985099538999:vpc/vpc-0e88d54906cbacc70",
            "assign_generated_ipv6_cidr_block": false,
            "cidr_block": "10.0.0.0/16",
            "default_network_acl_id": "acl-0bc6f574cf340353a",
            "default_route_table_id": "rtb-04ea21fd2681a4482",
            "default_security_group_id": "sg-0b518c8a392b65669",
            "dhcp_options_id": "dopt-d28f38a8",
            "enable_classiclink": false,
            "enable_classiclink_dns_support": false,
            "enable_dns_hostnames": false,
            "enable_dns_support": true,
            "id": "vpc-0e88d54906cbacc70",
            "instance_tenancy": "default",
            "ipv6_association_id": "",
            "ipv6_cidr_block": "",
            "main_route_table_id": "rtb-04ea21fd2681a4482",
            "owner_id": "985099538999",
            "tags": {
              "Environment": "QA",
              "Name": "Demo",
              "Terraformed": "True"
            }
          },
          "sensitive_attributes": [],
          "private": "eyJzY2hlbWFfdmVyc2lvbiI6IjEifQ=="
        }
      ]
    }
  ]
}
